<?xml version="1.0" encoding="utf-8"?>
<Project ToolsVersion="4.0" xmlns="http://schemas.microsoft.com/developer/msbuild/2003">
  <ItemGroup>
    <Filter Include="Source Files">
      <UniqueIdentifier>{4FC737F1-C7A5-4376-A066-2A32D752A2FF}</UniqueIdentifier>
      <Extensions>cpp;c;cc;cxx;def;odl;idl;hpj;bat;asm;asmx</Extensions>
    </Filter>
    <Filter Include="Header Files">
      <UniqueIdentifier>{93995380-89BD-4b04-88EB-625FBE52EBFB}</UniqueIdentifier>
      <Extensions>h;hpp;hxx;hm;inl;inc;xsd</Extensions>
    </Filter>
    <Filter Include="Resource Files">
      <UniqueIdentifier>{67DA6AB6-F800-4c08-8B7A-83BB121AAD01}</UniqueIdentifier>
      <Extensions>rc;ico;cur;bmp;dlg;rc2;rct;bin;rgs;gif;jpg;jpeg;jpe;resx;tiff;tif;png;wav;mfcribbon-ms</Extensions>
    </Filter>
    <Filter Include="Header Files\game">
      <UniqueIdentifier>{719e04f6-5ba3-4a6b-a1a5-7ef0ee568fc4}</UniqueIdentifier>
    </Filter>
    <Filter Include="Header Files\engine">
      <UniqueIdentifier>{7b7d184b-e7b4-43d0-a989-5ba7ea361238}</UniqueIdentifier>
    </Filter>
    <Filter Include="Source Files\game">
      <UniqueIdentifier>{9e14fece-afc3-4399-a48f-bc9571664ced}</UniqueIdentifier>
    </Filter>
    <Filter Include="Source Files\engine">
      <UniqueIdentifier>{78d8e9f5-f252-428a-a7e1-5bae32451995}</UniqueIdentifier>
    </Filter>
    <Filter Include="Source Files\fbx">
      <UniqueIdentifier>{72c06560-cd19-41b4-a06b-60e05836df82}</UniqueIdentifier>
    </Filter>
    <Filter Include="Header Files\fbx">
      <UniqueIdentifier>{6bc92ed0-5ae7-4483-ba7e-c2fc87631c10}</UniqueIdentifier>
    </Filter>
  </ItemGroup>
  <ItemGroup>
    <ClCompile Include="..\src\main.cpp">
      <Filter>Source Files</Filter>
    </ClCompile>
    <ClCompile Include="..\src\game\board.cpp">
      <Filter>Source Files\game</Filter>
    </ClCompile>
    <ClCompile Include="..\src\game\game.cpp">
      <Filter>Source Files\game</Filter>
    </ClCompile>
    <ClCompile Include="..\src\engine\framebufferObject.cpp">
      <Filter>Source Files\engine</Filter>
    </ClCompile>
    <ClCompile Include="..\src\engine\GLSLProgram.cpp">
      <Filter>Source Files\engine</Filter>
    </ClCompile>
    <ClCompile Include="..\src\engine\material.cpp">
      <Filter>Source Files\engine</Filter>
    </ClCompile>
    <ClCompile Include="..\src\engine\mesh.cpp">
      <Filter>Source Files\engine</Filter>
    </ClCompile>
    <ClCompile Include="..\src\engine\postProcessor.cpp">
      <Filter>Source Files\engine</Filter>
    </ClCompile>
    <ClCompile Include="..\src\engine\renderHub.cpp">
      <Filter>Source Files\engine</Filter>
    </ClCompile>
    <ClCompile Include="..\src\engine\resourceManager.cpp">
      <Filter>Source Files\engine</Filter>
    </ClCompile>
    <ClCompile Include="..\src\engine\scene.cpp">
      <Filter>Source Files\engine</Filter>
    </ClCompile>
    <ClCompile Include="..\src\engine\sceneCamera.cpp">
      <Filter>Source Files\engine</Filter>
    </ClCompile>
    <ClCompile Include="..\src\engine\sceneLightSource.cpp">
      <Filter>Source Files\engine</Filter>
    </ClCompile>
    <ClCompile Include="..\src\engine\texture2D.cpp">
      <Filter>Source Files\engine</Filter>
    </ClCompile>
    <ClCompile Include="..\src\engine\texture3D.cpp">
      <Filter>Source Files\engine</Filter>
    </ClCompile>
    <ClCompile Include="..\src\engine\messageReceiver.cpp">
      <Filter>Source Files\engine</Filter>
    </ClCompile>
    <ClCompile Include="..\src\game\player.cpp">
      <Filter>Source Files\game</Filter>
    </ClCompile>
    <ClCompile Include="..\src\game\human_players.cpp">
      <Filter>Source Files\game</Filter>
    </ClCompile>
    <ClCompile Include="..\src\ai\ai_players.cpp">
      <Filter>Source Files\game</Filter>
    </ClCompile>
    <ClCompile Include="..\src\engine\controls.cpp">
      <Filter>Source Files\engine</Filter>
    </ClCompile>
    <ClCompile Include="..\src\conf.cpp">
      <Filter>Source Files</Filter>
    </ClCompile>
    <ClCompile Include="..\src\fbx\fbx_geometry.cpp">
      <Filter>Source Files\fbx</Filter>
    </ClCompile>
    <ClCompile Include="..\src\fbx\fbx_node_name.cpp">
      <Filter>Source Files\fbx</Filter>
    </ClCompile>
    <ClCompile Include="..\src\fbx\fbx_opengl_geometry.cpp">
      <Filter>Source Files\fbx</Filter>
    </ClCompile>
    <ClCompile Include="..\src\fbx\fbx_parser.cpp">
      <Filter>Source Files\fbx</Filter>
    </ClCompile>
    <ClCompile Include="..\src\fbx\fbx_print.cpp">
      <Filter>Source Files\fbx</Filter>
    </ClCompile>
    <ClCompile Include="..\src\fbx\fbx_property.cpp">
      <Filter>Source Files\fbx</Filter>
    </ClCompile>
    <ClCompile Include="..\src\fbx\fbx_reader.cpp">
      <Filter>Source Files\fbx</Filter>
    </ClCompile>
    <ClCompile Include="..\src\fbx\fbx_unzip.cpp">
      <Filter>Source Files\fbx</Filter>
    </ClCompile>
    <ClCompile Include="..\src\fbx\fbx_value.cpp">
      <Filter>Source Files\fbx</Filter>
    </ClCompile>
    <ClCompile Include="..\src\messageChannel.cpp">
      <Filter>Source Files</Filter>
    </ClCompile>
    <ClCompile Include="..\src\game\game_center.cpp">
      <Filter>Source Files\game</Filter>
    </ClCompile>
    <ClCompile Include="..\src\game\player_center.cpp">
      <Filter>Source Files\game</Filter>
    </ClCompile>
    <ClCompile Include="..\src\communicationHub.cpp">
      <Filter>Source Files</Filter>
    </ClCompile>
  </ItemGroup>
  <ItemGroup>
    <ClInclude Include="..\src\game\board.h">
      <Filter>Header Files\game</Filter>
    </ClInclude>
    <ClInclude Include="..\src\game\defs.h">
      <Filter>Header Files\game</Filter>
    </ClInclude>
    <ClInclude Include="..\src\game\game.h">
      <Filter>Header Files\game</Filter>
    </ClInclude>
    <ClInclude Include="..\src\engine\volumetricSceneObject.h">
      <Filter>Header Files\engine</Filter>
    </ClInclude>
    <ClInclude Include="..\src\engine\framebufferObject.h">
      <Filter>Header Files\engine</Filter>
    </ClInclude>
    <ClInclude Include="..\src\engine\GLSLProgram.h">
      <Filter>Header Files\engine</Filter>
    </ClInclude>
    <ClInclude Include="..\src\engine\material.h">
      <Filter>Header Files\engine</Filter>
    </ClInclude>
    <ClInclude Include="..\src\engine\mesh.h">
      <Filter>Header Files\engine</Filter>
    </ClInclude>
    <ClInclude Include="..\src\engine\messageReceiver.h">
      <Filter>Header Files\engine</Filter>
    </ClInclude>
    <ClInclude Include="..\src\engine\postProcessor.h">
      <Filter>Header Files\engine</Filter>
    </ClInclude>
    <ClInclude Include="..\src\engine\renderHub.h">
      <Filter>Header Files\engine</Filter>
    </ClInclude>
    <ClInclude Include="..\src\engine\resourceManager.h">
      <Filter>Header Files\engine</Filter>
    </ClInclude>
    <ClInclude Include="..\src\engine\scene.h">
      <Filter>Header Files\engine</Filter>
    </ClInclude>
    <ClInclude Include="..\src\engine\sceneCamera.h">
      <Filter>Header Files\engine</Filter>
    </ClInclude>
    <ClInclude Include="..\src\engine\sceneEntity.h">
      <Filter>Header Files\engine</Filter>
    </ClInclude>
    <ClInclude Include="..\src\engine\sceneLightSource.h">
      <Filter>Header Files\engine</Filter>
    </ClInclude>
    <ClInclude Include="..\src\engine\staticSceneObject.h">
      <Filter>Header Files\engine</Filter>
    </ClInclude>
    <ClInclude Include="..\src\engine\texture.h">
      <Filter>Header Files\engine</Filter>
    </ClInclude>
    <ClInclude Include="..\src\engine\texture2D.h">
      <Filter>Header Files\engine</Filter>
    </ClInclude>
    <ClInclude Include="..\src\engine\texture3D.h">
      <Filter>Header Files\engine</Filter>
    </ClInclude>
    <ClInclude Include="..\src\engine\vertexStructs.h">
      <Filter>Header Files\engine</Filter>
    </ClInclude>
    <ClInclude Include="..\src\game\player.h">
      <Filter>Header Files\game</Filter>
    </ClInclude>
    <ClInclude Include="..\src\game\human_players.h">
      <Filter>Header Files\game</Filter>
    </ClInclude>
    <ClInclude Include="..\src\ai\ai_players.h">
      <Filter>Header Files\game</Filter>
    </ClInclude>
    <ClInclude Include="..\src\engine\controls.h">
      <Filter>Header Files\engine</Filter>
    </ClInclude>
    <ClInclude Include="..\src\conf.h">
      <Filter>Header Files</Filter>
    </ClInclude>
    <ClInclude Include="..\src\fbx\fbx_value.hpp">
      <Filter>Header Files\fbx</Filter>
    </ClInclude>
    <ClInclude Include="..\src\fbx\fbx_exceptions.hpp">
      <Filter>Header Files\fbx</Filter>
    </ClInclude>
    <ClInclude Include="..\src\fbx\fbx_generic_parser.hpp">
      <Filter>Header Files\fbx</Filter>
    </ClInclude>
    <ClInclude Include="..\src\fbx\fbx_geometry.hpp">
      <Filter>Header Files\fbx</Filter>
    </ClInclude>
    <ClInclude Include="..\src\fbx\fbx_node_name.hpp">
      <Filter>Header Files\fbx</Filter>
    </ClInclude>
    <ClInclude Include="..\src\fbx\fbx_node_property.hpp">
      <Filter>Header Files\fbx</Filter>
    </ClInclude>
    <ClInclude Include="..\src\fbx\fbx_opengl_geometry.hpp">
      <Filter>Header Files\fbx</Filter>
    </ClInclude>
    <ClInclude Include="..\src\fbx\fbx_parser.hpp">
      <Filter>Header Files\fbx</Filter>
    </ClInclude>
    <ClInclude Include="..\src\fbx\fbx_print.hpp">
      <Filter>Header Files\fbx</Filter>
    </ClInclude>
    <ClInclude Include="..\src\fbx\fbx_property.hpp">
      <Filter>Header Files\fbx</Filter>
    </ClInclude>
    <ClInclude Include="..\src\fbx\fbx_reader.hpp">
      <Filter>Header Files\fbx</Filter>
    </ClInclude>
    <ClInclude Include="..\src\fbx\fbx_types.hpp">
      <Filter>Header Files\fbx</Filter>
    </ClInclude>
    <ClInclude Include="..\src\fbx\fbx_unzip.hpp">
      <Filter>Header Files\fbx</Filter>
    </ClInclude>
    <ClInclude Include="..\src\fbx\miniz.c">
      <Filter>Source Files</Filter>
    </ClInclude>
    <ClInclude Include="..\src\messageChannel.h">
      <Filter>Header Files</Filter>
    </ClInclude>
    <ClInclude Include="..\src\macros.h">
      <Filter>Header Files</Filter>
    </ClInclude>
    <ClInclude Include="..\src\game\game_center.h">
      <Filter>Header Files\game</Filter>
    </ClInclude>
    <ClInclude Include="..\src\game\player_center.h">
      <Filter>Header Files\game</Filter>
    </ClInclude>
    <ClInclude Include="..\src\communicationHub.h">
      <Filter>Header Files</Filter>
    </ClInclude>
    <ClInclude Include="..\src\messages.h">
      <Filter>Header Files</Filter>
    </ClInclude>
  </ItemGroup>
</Project>